
Microsoft Visual Studio Solution File, Format Version 12.00
# Visual Studio Version 17
VisualStudioVersion = 17.9.34714.143
MinimumVisualStudioVersion = 10.0.40219.1
Project("{9A19103F-16F7-4668-BE54-9A1E7A4F7556}") = "AlgorithmLib", "AlgorithmLib\AlgorithmLib.csproj", "{CD9CBA19-2DB3-44A2-B5BF-BB7BBAD3F99B}"
EndProject
Project("{9A19103F-16F7-4668-BE54-9A1E7A4F7556}") = "AlgorithmLibTest", "AlgorithmLibTest\AlgorithmLibTest.csproj", "{BF3280B9-8231-42EE-A924-D918DC936A11}"
EndProject
Global
	GlobalSection(SolutionConfigurationPlatforms) = preSolution
		Debug|Any CPU = Debug|Any CPU
		Release|Any CPU = Release|Any CPU
	EndGlobalSection
	GlobalSection(ProjectConfigurationPlatforms) = postSolution
		{CD9CBA19-2DB3-44A2-B5BF-BB7BBAD3F99B}.Debug|Any CPU.ActiveCfg = Debug|Any CPU
		{CD9CBA19-2DB3-44A2-B5BF-BB7BBAD3F99B}.Debug|Any CPU.Build.0 = Debug|Any CPU
		{CD9CBA19-2DB3-44A2-B5BF-BB7BBAD3F99B}.Release|Any CPU.ActiveCfg = Release|Any CPU
		{CD9CBA19-2DB3-44A2-B5BF-BB7BBAD3F99B}.Release|Any CPU.Build.0 = Release|Any CPU
		{BF3280B9-8231-42EE-A924-D918DC936A11}.Debug|Any CPU.ActiveCfg = Debug|Any CPU
		{BF3280B9-8231-42EE-A924-D918DC936A11}.Debug|Any CPU.Build.0 = Debug|Any CPU
		{BF3280B9-8231-42EE-A924-D918DC936A11}.Release|Any CPU.ActiveCfg = Release|Any CPU
		{BF3280B9-8231-42EE-A924-D918DC936A11}.Release|Any CPU.Build.0 = Release|Any CPU
	EndGlobalSection
	GlobalSection(SolutionProperties) = preSolution
		HideSolutionNode = FALSE
	EndGlobalSection
	GlobalSection(ExtensibilityGlobals) = postSolution
		SolutionGuid = {9918201B-48C9-4943-9105-B2EE77013BE0}
	EndGlobalSection
EndGlobal
